
Microsoft Visual Studio Solution File, Format Version 12.00
# Visual Studio Version 17
VisualStudioVersion = 17.14.37203.1
MinimumVisualStudioVersion = 10.0.40219.1
Project("{FAE04EC0-301F-11D3-BF4B-00C04F79EFBC}") = "CourseRegistrationSystem", "CourseRegistrationSystem.csproj", "{4D0BC65B-C134-43EC-ACB8-7E6CB7BCEE1E}"
EndProject
Project("{FAE04EC0-301F-11D3-BF4B-00C04F79EFBC}") = "CourseRegistrationSystem.Tests", "..\CourseRegistrationSystem.Tests\CourseRegistrationSystem.Tests.csproj", "{19CA2353-8605-4F19-90CE-9DA32F7DDDB6}"
EndProject
Global
	GlobalSection(SolutionConfigurationPlatforms) = preSolution
		Debug|Any CPU = Debug|Any CPU
		Release|Any CPU = Release|Any CPU
	EndGlobalSection
	GlobalSection(ProjectConfigurationPlatforms) = postSolution
		{4D0BC65B-C134-43EC-ACB8-7E6CB7BCEE1E}.Debug|Any CPU.ActiveCfg = Debug|Any CPU
		{4D0BC65B-C134-43EC-ACB8-7E6CB7BCEE1E}.Debug|Any CPU.Build.0 = Debug|Any CPU
		{4D0BC65B-C134-43EC-ACB8-7E6CB7BCEE1E}.Release|Any CPU.ActiveCfg = Release|Any CPU
		{4D0BC65B-C134-43EC-ACB8-7E6CB7BCEE1E}.Release|Any CPU.Build.0 = Release|Any CPU
		{19CA2353-8605-4F19-90CE-9DA32F7DDDB6}.Debug|Any CPU.ActiveCfg = Debug|Any CPU
		{19CA2353-8605-4F19-90CE-9DA32F7DDDB6}.Debug|Any CPU.Build.0 = Debug|Any CPU
		{19CA2353-8605-4F19-90CE-9DA32F7DDDB6}.Release|Any CPU.ActiveCfg = Release|Any CPU
		{19CA2353-8605-4F19-90CE-9DA32F7DDDB6}.Release|Any CPU.Build.0 = Release|Any CPU
	EndGlobalSection
	GlobalSection(SolutionProperties) = preSolution
		HideSolutionNode = FALSE
	EndGlobalSection
	GlobalSection(ExtensibilityGlobals) = postSolution
		SolutionGuid = {23823364-A224-472A-B33A-11802F856497}
	EndGlobalSection
EndGlobal
